
Microsoft Visual Studio Solution File, Format Version 12.00
# Visual Studio Version 17
VisualStudioVersion = 17.0.31903.59
MinimumVisualStudioVersion = 10.0.40219.1
Project("{2150E333-8FDC-42A3-9474-1A3956D46DE8}") = "src", "src", "{827E0CD3-B72D-47B6-A68D-7590B98EB39B}"
EndProject
Project("{FAE04EC0-301F-11D3-BF4B-00C04F79EFBC}") = "X12Net", "src\X12Net\X12Net.csproj", "{9D50FED1-8CC6-42AE-861D-B21A3187EF96}"
EndProject
Project("{2150E333-8FDC-42A3-9474-1A3956D46DE8}") = "test", "test", "{0C88DD14-F956-CE84-757C-A364CCF449FC}"
EndProject
Project("{FAE04EC0-301F-11D3-BF4B-00C04F79EFBC}") = "X12Net.Tests", "test\X12Net.Tests\X12Net.Tests.csproj", "{1E1A889C-4016-4429-AA27-24AB0DCD5CF7}"
EndProject
Project("{FAE04EC0-301F-11D3-BF4B-00C04F79EFBC}") = "X12Net.SourceGenerator", "src\X12Net.SourceGenerator\X12Net.SourceGenerator.csproj", "{71BF63EB-0405-4316-8633-751BE241F6E6}"
EndProject
Project("{2150E333-8FDC-42A3-9474-1A3956D46DE8}") = "tools", "tools", "{07C2787E-EAC7-C090-1BA3-A61EC2A24D84}"
EndProject
Project("{FAE04EC0-301F-11D3-BF4B-00C04F79EFBC}") = "X12Tool", "tools\X12Tool\X12Tool.csproj", "{5F8DACA3-247C-4F6C-AC94-AED8FDD409EA}"
EndProject
Project("{2150E333-8FDC-42A3-9474-1A3956D46DE8}") = "benchmarks", "benchmarks", "{66320409-64EC-F7C5-3DEF-65E7510DAAD1}"
EndProject
Project("{FAE04EC0-301F-11D3-BF4B-00C04F79EFBC}") = "X12Net.Benchmarks", "benchmarks\X12Net.Benchmarks\X12Net.Benchmarks.csproj", "{B21FB5AF-E97E-44C0-BFE4-721222A155AA}"
EndProject
Global
	GlobalSection(SolutionConfigurationPlatforms) = preSolution
		Debug|Any CPU = Debug|Any CPU
		Debug|x64 = Debug|x64
		Debug|x86 = Debug|x86
		Release|Any CPU = Release|Any CPU
		Release|x64 = Release|x64
		Release|x86 = Release|x86
	EndGlobalSection
	GlobalSection(ProjectConfigurationPlatforms) = postSolution
		{9D50FED1-8CC6-42AE-861D-B21A3187EF96}.Debug|Any CPU.ActiveCfg = Debug|Any CPU
		{9D50FED1-8CC6-42AE-861D-B21A3187EF96}.Debug|Any CPU.Build.0 = Debug|Any CPU
		{9D50FED1-8CC6-42AE-861D-B21A3187EF96}.Debug|x64.ActiveCfg = Debug|Any CPU
		{9D50FED1-8CC6-42AE-861D-B21A3187EF96}.Debug|x64.Build.0 = Debug|Any CPU
		{9D50FED1-8CC6-42AE-861D-B21A3187EF96}.Debug|x86.ActiveCfg = Debug|Any CPU
		{9D50FED1-8CC6-42AE-861D-B21A3187EF96}.Debug|x86.Build.0 = Debug|Any CPU
		{9D50FED1-8CC6-42AE-861D-B21A3187EF96}.Release|Any CPU.ActiveCfg = Release|Any CPU
		{9D50FED1-8CC6-42AE-861D-B21A3187EF96}.Release|Any CPU.Build.0 = Release|Any CPU
		{9D50FED1-8CC6-42AE-861D-B21A3187EF96}.Release|x64.ActiveCfg = Release|Any CPU
		{9D50FED1-8CC6-42AE-861D-B21A3187EF96}.Release|x64.Build.0 = Release|Any CPU
		{9D50FED1-8CC6-42AE-861D-B21A3187EF96}.Release|x86.ActiveCfg = Release|Any CPU
		{9D50FED1-8CC6-42AE-861D-B21A3187EF96}.Release|x86.Build.0 = Release|Any CPU
		{1E1A889C-4016-4429-AA27-24AB0DCD5CF7}.Debug|Any CPU.ActiveCfg = Debug|Any CPU
		{1E1A889C-4016-4429-AA27-24AB0DCD5CF7}.Debug|Any CPU.Build.0 = Debug|Any CPU
		{1E1A889C-4016-4429-AA27-24AB0DCD5CF7}.Debug|x64.ActiveCfg = Debug|Any CPU
		{1E1A889C-4016-4429-AA27-24AB0DCD5CF7}.Debug|x64.Build.0 = Debug|Any CPU
		{1E1A889C-4016-4429-AA27-24AB0DCD5CF7}.Debug|x86.ActiveCfg = Debug|Any CPU
		{1E1A889C-4016-4429-AA27-24AB0DCD5CF7}.Debug|x86.Build.0 = Debug|Any CPU
		{1E1A889C-4016-4429-AA27-24AB0DCD5CF7}.Release|Any CPU.ActiveCfg = Release|Any CPU
		{1E1A889C-4016-4429-AA27-24AB0DCD5CF7}.Release|Any CPU.Build.0 = Release|Any CPU
		{1E1A889C-4016-4429-AA27-24AB0DCD5CF7}.Release|x64.ActiveCfg = Release|Any CPU
		{1E1A889C-4016-4429-AA27-24AB0DCD5CF7}.Release|x64.Build.0 = Release|Any CPU
		{1E1A889C-4016-4429-AA27-24AB0DCD5CF7}.Release|x86.ActiveCfg = Release|Any CPU
		{1E1A889C-4016-4429-AA27-24AB0DCD5CF7}.Release|x86.Build.0 = Release|Any CPU
		{71BF63EB-0405-4316-8633-751BE241F6E6}.Debug|Any CPU.ActiveCfg = Debug|Any CPU
		{71BF63EB-0405-4316-8633-751BE241F6E6}.Debug|Any CPU.Build.0 = Debug|Any CPU
		{71BF63EB-0405-4316-8633-751BE241F6E6}.Debug|x64.ActiveCfg = Debug|Any CPU
		{71BF63EB-0405-4316-8633-751BE241F6E6}.Debug|x64.Build.0 = Debug|Any CPU
		{71BF63EB-0405-4316-8633-751BE241F6E6}.Debug|x86.ActiveCfg = Debug|Any CPU
		{71BF63EB-0405-4316-8633-751BE241F6E6}.Debug|x86.Build.0 = Debug|Any CPU
		{71BF63EB-0405-4316-8633-751BE241F6E6}.Release|Any CPU.ActiveCfg = Release|Any CPU
		{71BF63EB-0405-4316-8633-751BE241F6E6}.Release|Any CPU.Build.0 = Release|Any CPU
		{71BF63EB-0405-4316-8633-751BE241F6E6}.Release|x64.ActiveCfg = Release|Any CPU
		{71BF63EB-0405-4316-8633-751BE241F6E6}.Release|x64.Build.0 = Release|Any CPU
		{71BF63EB-0405-4316-8633-751BE241F6E6}.Release|x86.ActiveCfg = Release|Any CPU
		{71BF63EB-0405-4316-8633-751BE241F6E6}.Release|x86.Build.0 = Release|Any CPU
		{5F8DACA3-247C-4F6C-AC94-AED8FDD409EA}.Debug|Any CPU.ActiveCfg = Debug|Any CPU
		{5F8DACA3-247C-4F6C-AC94-AED8FDD409EA}.Debug|Any CPU.Build.0 = Debug|Any CPU
		{5F8DACA3-247C-4F6C-AC94-AED8FDD409EA}.Debug|x64.ActiveCfg = Debug|Any CPU
		{5F8DACA3-247C-4F6C-AC94-AED8FDD409EA}.Debug|x64.Build.0 = Debug|Any CPU
		{5F8DACA3-247C-4F6C-AC94-AED8FDD409EA}.Debug|x86.ActiveCfg = Debug|Any CPU
		{5F8DACA3-247C-4F6C-AC94-AED8FDD409EA}.Debug|x86.Build.0 = Debug|Any CPU
		{5F8DACA3-247C-4F6C-AC94-AED8FDD409EA}.Release|Any CPU.ActiveCfg = Release|Any CPU
		{5F8DACA3-247C-4F6C-AC94-AED8FDD409EA}.Release|Any CPU.Build.0 = Release|Any CPU
		{5F8DACA3-247C-4F6C-AC94-AED8FDD409EA}.Release|x64.ActiveCfg = Release|Any CPU
		{5F8DACA3-247C-4F6C-AC94-AED8FDD409EA}.Release|x64.Build.0 = Release|Any CPU
		{5F8DACA3-247C-4F6C-AC94-AED8FDD409EA}.Release|x86.ActiveCfg = Release|Any CPU
		{5F8DACA3-247C-4F6C-AC94-AED8FDD409EA}.Release|x86.Build.0 = Release|Any CPU
		{B21FB5AF-E97E-44C0-BFE4-721222A155AA}.Debug|Any CPU.ActiveCfg = Debug|Any CPU
		{B21FB5AF-E97E-44C0-BFE4-721222A155AA}.Debug|Any CPU.Build.0 = Debug|Any CPU
		{B21FB5AF-E97E-44C0-BFE4-721222A155AA}.Debug|x64.ActiveCfg = Debug|Any CPU
		{B21FB5AF-E97E-44C0-BFE4-721222A155AA}.Debug|x64.Build.0 = Debug|Any CPU
		{B21FB5AF-E97E-44C0-BFE4-721222A155AA}.Debug|x86.ActiveCfg = Debug|Any CPU
		{B21FB5AF-E97E-44C0-BFE4-721222A155AA}.Debug|x86.Build.0 = Debug|Any CPU
		{B21FB5AF-E97E-44C0-BFE4-721222A155AA}.Release|Any CPU.ActiveCfg = Release|Any CPU
		{B21FB5AF-E97E-44C0-BFE4-721222A155AA}.Release|Any CPU.Build.0 = Release|Any CPU
		{B21FB5AF-E97E-44C0-BFE4-721222A155AA}.Release|x64.ActiveCfg = Release|Any CPU
		{B21FB5AF-E97E-44C0-BFE4-721222A155AA}.Release|x64.Build.0 = Release|Any CPU
		{B21FB5AF-E97E-44C0-BFE4-721222A155AA}.Release|x86.ActiveCfg = Release|Any CPU
		{B21FB5AF-E97E-44C0-BFE4-721222A155AA}.Release|x86.Build.0 = Release|Any CPU
	EndGlobalSection
	GlobalSection(SolutionProperties) = preSolution
		HideSolutionNode = FALSE
	EndGlobalSection
	GlobalSection(NestedProjects) = preSolution
		{9D50FED1-8CC6-42AE-861D-B21A3187EF96} = {827E0CD3-B72D-47B6-A68D-7590B98EB39B}
		{1E1A889C-4016-4429-AA27-24AB0DCD5CF7} = {0C88DD14-F956-CE84-757C-A364CCF449FC}
		{71BF63EB-0405-4316-8633-751BE241F6E6} = {827E0CD3-B72D-47B6-A68D-7590B98EB39B}
		{5F8DACA3-247C-4F6C-AC94-AED8FDD409EA} = {07C2787E-EAC7-C090-1BA3-A61EC2A24D84}
		{B21FB5AF-E97E-44C0-BFE4-721222A155AA} = {66320409-64EC-F7C5-3DEF-65E7510DAAD1}
	EndGlobalSection
EndGlobal
